
Microsoft Visual Studio Solution File, Format Version 12.00
# Visual Studio Version 17
VisualStudioVersion = 17.3.32901.215
MinimumVisualStudioVersion = 10.0.40219.1
Project("{9A19103F-16F7-4668-BE54-9A1E7A4F7556}") = "BarManagement", "BarManagement\BarManagement.csproj", "{D212123E-7D4B-4D19-A58A-6147EFBBEB77}"
EndProject
Global
	GlobalSection(SolutionConfigurationPlatforms) = preSolution
		Debug|Any CPU = Debug|Any CPU
		Release|Any CPU = Release|Any CPU
	EndGlobalSection
	GlobalSection(ProjectConfigurationPlatforms) = postSolution
		{D212123E-7D4B-4D19-A58A-6147EFBBEB77}.Debug|Any CPU.ActiveCfg = Debug|Any CPU
		{D212123E-7D4B-4D19-A58A-6147EFBBEB77}.Debug|Any CPU.Build.0 = Debug|Any CPU
		{D212123E-7D4B-4D19-A58A-6147EFBBEB77}.Release|Any CPU.ActiveCfg = Release|Any CPU
		{D212123E-7D4B-4D19-A58A-6147EFBBEB77}.Release|Any CPU.Build.0 = Release|Any CPU
	EndGlobalSection
	GlobalSection(SolutionProperties) = preSolution
		HideSolutionNode = FALSE
	EndGlobalSection
	GlobalSection(ExtensibilityGlobals) = postSolution
		SolutionGuid = {D67F468C-9E38-469C-B0AE-61581EF59866}
	EndGlobalSection
EndGlobal
